# This file is automatically @generated by Cargo.
# It is not intended for manual editing.
version = 4

[[package]]
name = "sentorii-cli"
version = "0.1.0"

[[package]]
name = "sentorii-config"
version = "0.1.0"

[[package]]
name = "sentorii-contracts"
version = "0.1.0"

[[package]]
name = "sentorii-core"
version = "0.1.0"
